# THIS IS AN AUTOGENERATED FILE. DO NOT EDIT THIS FILE DIRECTLY.
# yarn lockfile v1


awesome-package@^1.2.0:
  version "1.3.0"
  resolved "http://localhost:4873/awesome-package/-/awesome-package-1.3.0.tgz#042fce6784e660b4db92580f5a2a8c8b499d0764"
  integrity sha512-JS15VQzfWfAZ8CGpqg2taZuyg5D4bCpyNllFB/vsBwlANN6DdSfEbRL6z8yvdxJt84Ia5OLeyDYAlP4zHkTBcA==
